
Microsoft Visual Studio Solution File, Format Version 12.00
# Visual Studio Version 17
VisualStudioVersion = 17.4.33403.182
MinimumVisualStudioVersion = 10.0.40219.1
Project("{FAE04EC0-301F-11D3-BF4B-00C04F79EFBC}") = "WordTDD", "WordTDD.csproj", "{66A556A8-2669-477D-AE37-E0A3E45E9234}"
EndProject
Project("{FAE04EC0-301F-11D3-BF4B-00C04F79EFBC}") = "WordTDDTest", "..\WordTDDTest\WordTDDTest.csproj", "{FE5A97C4-A446-4CC1-872E-D2AE427BA19A}"
EndProject
Global
	GlobalSection(SolutionConfigurationPlatforms) = preSolution
		Debug|Any CPU = Debug|Any CPU
		Release|Any CPU = Release|Any CPU
	EndGlobalSection
	GlobalSection(ProjectConfigurationPlatforms) = postSolution
		{66A556A8-2669-477D-AE37-E0A3E45E9234}.Debug|Any CPU.ActiveCfg = Debug|Any CPU
		{66A556A8-2669-477D-AE37-E0A3E45E9234}.Debug|Any CPU.Build.0 = Debug|Any CPU
		{66A556A8-2669-477D-AE37-E0A3E45E9234}.Release|Any CPU.ActiveCfg = Release|Any CPU
		{66A556A8-2669-477D-AE37-E0A3E45E9234}.Release|Any CPU.Build.0 = Release|Any CPU
		{FE5A97C4-A446-4CC1-872E-D2AE427BA19A}.Debug|Any CPU.ActiveCfg = Debug|Any CPU
		{FE5A97C4-A446-4CC1-872E-D2AE427BA19A}.Debug|Any CPU.Build.0 = Debug|Any CPU
		{FE5A97C4-A446-4CC1-872E-D2AE427BA19A}.Release|Any CPU.ActiveCfg = Release|Any CPU
		{FE5A97C4-A446-4CC1-872E-D2AE427BA19A}.Release|Any CPU.Build.0 = Release|Any CPU
	EndGlobalSection
	GlobalSection(SolutionProperties) = preSolution
		HideSolutionNode = FALSE
	EndGlobalSection
	GlobalSection(ExtensibilityGlobals) = postSolution
		SolutionGuid = {309DBD6D-475D-4540-9224-A2CD0FA69153}
	EndGlobalSection
EndGlobal
